
Microsoft Visual Studio Solution File, Format Version 12.00
# Visual Studio Version 17
VisualStudioVersion = 17.11.35312.102
MinimumVisualStudioVersion = 10.0.40219.1
Project("{FAE04EC0-301F-11D3-BF4B-00C04F79EFBC}") = "01_MainSubject", "01_MainSubject\01_MainSubject.csproj", "{00DE69CA-389C-410D-AED7-7591BF05F9B9}"
EndProject
Global
	GlobalSection(SolutionConfigurationPlatforms) = preSolution
		Debug|Any CPU = Debug|Any CPU
		Release|Any CPU = Release|Any CPU
	EndGlobalSection
	GlobalSection(ProjectConfigurationPlatforms) = postSolution
		{00DE69CA-389C-410D-AED7-7591BF05F9B9}.Debug|Any CPU.ActiveCfg = Debug|Any CPU
		{00DE69CA-389C-410D-AED7-7591BF05F9B9}.Debug|Any CPU.Build.0 = Debug|Any CPU
		{00DE69CA-389C-410D-AED7-7591BF05F9B9}.Release|Any CPU.ActiveCfg = Release|Any CPU
		{00DE69CA-389C-410D-AED7-7591BF05F9B9}.Release|Any CPU.Build.0 = Release|Any CPU
	EndGlobalSection
	GlobalSection(SolutionProperties) = preSolution
		HideSolutionNode = FALSE
	EndGlobalSection
	GlobalSection(ExtensibilityGlobals) = postSolution
		SolutionGuid = {FE7293D6-D987-4C01-8C1C-A01B665C43FC}
	EndGlobalSection
EndGlobal
